
Microsoft Visual Studio Solution File, Format Version 12.00
# Visual Studio Version 17
VisualStudioVersion = 17.5.002.0
MinimumVisualStudioVersion = 10.0.40219.1
Project("{9A19103F-16F7-4668-BE54-9A1E7A4F7556}") = "WebDownloader", "WebDownloader.csproj", "{5523806A-2B03-488D-9B77-E38692C223DA}"
EndProject
Global
	GlobalSection(SolutionConfigurationPlatforms) = preSolution
		Debug|Any CPU = Debug|Any CPU
		Release|Any CPU = Release|Any CPU
	EndGlobalSection
	GlobalSection(ProjectConfigurationPlatforms) = postSolution
		{5523806A-2B03-488D-9B77-E38692C223DA}.Debug|Any CPU.ActiveCfg = Debug|Any CPU
		{5523806A-2B03-488D-9B77-E38692C223DA}.Debug|Any CPU.Build.0 = Debug|Any CPU
		{5523806A-2B03-488D-9B77-E38692C223DA}.Release|Any CPU.ActiveCfg = Release|Any CPU
		{5523806A-2B03-488D-9B77-E38692C223DA}.Release|Any CPU.Build.0 = Release|Any CPU
	EndGlobalSection
	GlobalSection(SolutionProperties) = preSolution
		HideSolutionNode = FALSE
	EndGlobalSection
	GlobalSection(ExtensibilityGlobals) = postSolution
		SolutionGuid = {72E41B6C-BFB2-4E66-B8B9-D3E46816F76E}
	EndGlobalSection
EndGlobal
